<Solution>
  <Project Path="eCommerceCartFunc.csproj" />
  <Project Path="eCommerceCartFunc_AppService_/eCommerceCartFunc_AppService_.csproj" />
  <Project Path="eCommerceCartFunc_DataService_/eCommerceCartFunc_DataService_.csproj" />
  <Project Path="eCommerceCartFunc_Models_/eCommerceCartFunc_Models_.csproj" />
</Solution>
